// !$*UTF8*$!
{
	archiveVersion = 1;
	classes = {
	};
	objectVersion = 77;
	objects = {

/* Begin PBXBuildFile section */
		8BF599E82F41EC1E008D3E78 /* RxSwift in Frameworks */ = {isa = PBXBuildFile; productRef = 8BF599E72F41EC1E008D3E78 /* RxSwift */; };
		8BF599EA2F41EC29008D3E78 /* RxCocoa in Frameworks */ = {isa = PBXBuildFile; productRef = 8BF599E92F41EC29008D3E78 /* RxCocoa */; };
		8BF599EC2F41EC33008D3E78 /* RxRelay in Frameworks */ = {isa = PBXBuildFile; productRef = 8BF599EB2F41EC33008D3E78 /* RxRelay */; };
/* End PBXBuildFile section */

/* Begin PBXContainerItemProxy section */
		8BF599C62F41E69C008D3E78 /* PBXContainerItemProxy */ = {
			isa = PBXContainerItemProxy;
			containerPortal = 8BF599A72F41E69A008D3E78 /* Project object */;
			proxyType = 1;
			remoteGlobalIDString = 8BF599AE2F41E69A008D3E78;
			remoteInfo = abc;
		};
		8BF599D02F41E69C008D3E78 /* PBXContainerItemProxy */ = {
			isa = PBXContainerItemProxy;
			containerPortal = 8BF599A72F41E69A008D3E78 /* Project object */;
			proxyType = 1;
			remoteGlobalIDString = 8BF599AE2F41E69A008D3E78;
			remoteInfo = abc;
		};
/* End PBXContainerItemProxy section */

/* Begin PBXFileReference section */
		8BF599AF2F41E69A008D3E78 /* abc.app */ = {isa = PBXFileReference; explicitFileType = wrapper.application; includeInIndex = 0; path = abc.app; sourceTree = BUILT_PRODUCTS_DIR; };
		8BF599C52F41E69C008D3E78 /* abcTests.xctest */ = {isa = PBXFileReference; explicitFileType = wrapper.cfbundle; includeInIndex = 0; path = abcTests.xctest; sourceTree = BUILT_PRODUCTS_DIR; };
		8BF599CF2F41E69C008D3E78 /* abcUITests.xctest */ = {isa = PBXFileReference; explicitFileType = wrapper.cfbundle; includeInIndex = 0; path = abcUITests.xctest; sourceTree = BUILT_PRODUCTS_DIR; };
/* End PBXFileReference section */

/* Begin PBXFileSystemSynchronizedRootGroup section */
		8BF599B12F41E69A008D3E78 /* abc */ = {
			isa = PBXFileSystemSynchronizedRootGroup;
			path = abc;
			sourceTree = "<group>";
		};
		8BF599C82F41E69C008D3E78 /* abcTests */ = {
			isa = PBXFileSystemSynchronizedRootGroup;
			path = abcTests;
			sourceTree = "<group>";
		};
		8BF599D22F41E69C008D3E78 /* abcUITests */ = {
			isa = PBXFileSystemSynchronizedRootGroup;
			path = abcUITests;
			sourceTree = "<group>";
		};
/* End PBXFileSystemSynchronizedRootGroup section */

/* Begin PBXFrameworksBuildPhase section */
		8BF599AC2F41E69A008D3E78 /* Frameworks */ = {
			isa = PBXFrameworksBuildPhase;
			buildActionMask = 2147483647;
			files = (
				8BF599EC2F41EC33008D3E78 /* RxRelay in Frameworks */,
				8BF599EA2F41EC29008D3E78 /* RxCocoa in Frameworks */,
				8BF599E82F41EC1E008D3E78 /* RxSwift in Frameworks */,
			);
			runOnlyForDeploymentPostprocessing = 0;
		};
		8BF599C22F41E69C008D3E78 /* Frameworks */ = {
			isa = PBXFrameworksBuildPhase;
			buildActionMask = 2147483647;
			files = (
			);
			runOnlyForDeploymentPostprocessing = 0;
		};
		8BF599CC2F41E69C008D3E78 /* Frameworks */ = {
			isa = PBXFrameworksBuildPhase;
			buildActionMask = 2147483647;
			files = (
			);
			runOnlyForDeploymentPostprocessing = 0;
		};
/* End PBXFrameworksBuildPhase section */

/* Begin PBXGroup section */
		8BF599A62F41E69A008D3E78 = {
			isa = PBXGroup;
			children = (
				8BF599B12F41E69A008D3E78 /* abc */,
				8BF599C82F41E69C008D3E78 /* abcTests */,
				8BF599D22F41E69C008D3E78 /* abcUITests */,
				8BF599E62F41EC1E008D3E78 /* Frameworks */,
				8BF599B02F41E69A008D3E78 /* Products */,
			);
			sourceTree = "<group>";
		};
		8BF599B02F41E69A008D3E78 /* Products */ = {
			isa = PBXGroup;
			children = (
				8BF599AF2F41E69A008D3E78 /* abc.app */,
				8BF599C52F41E69C008D3E78 /* abcTests.xctest */,
				8BF599CF2F41E69C008D3E78 /* abcUITests.xctest */,
			);
			name = Products;
			sourceTree = "<group>";
		};
		8BF599E62F41EC1E008D3E78 /* Frameworks */ = {
			isa = PBXGroup;
			children = (
			);
			name = Frameworks;
			sourceTree = "<group>";
		};
/* End PBXGroup section */

/* Begin PBXNativeTarget section */
		8BF599AE2F41E69A008D3E78 /* abc */ = {
			isa = PBXNativeTarget;
			buildConfigurationList = 8BF599D82F41E69C008D3E78 /* Build configuration list for PBXNativeTarget "abc" */;
			buildPhases = (
				8BF599AB2F41E69A008D3E78 /* Sources */,
				8BF599AC2F41E69A008D3E78 /* Frameworks */,
				8BF599AD2F41E69A008D3E78 /* Resources */,
			);
			buildRules = (
			);
			dependencies = (
			);
			fileSystemSynchronizedGroups = (
				8BF599B12F41E69A008D3E78 /* abc */,
			);
			name = abc;
			packageProductDependencies = (
				8BF599E72F41EC1E008D3E78 /* RxSwift */,
				8BF599E92F41EC29008D3E78 /* RxCocoa */,
				8BF599EB2F41EC33008D3E78 /* RxRelay */,
			);
			productName = abc;
			productReference = 8BF599AF2F41E69A008D3E78 /* abc.app */;
			productType = "com.apple.product-type.application";
		};
		8BF599C42F41E69C008D3E78 /* abcTests */ = {
			isa = PBXNativeTarget;
			buildConfigurationList = 8BF599DD2F41E69C008D3E78 /* Build configuration list for PBXNativeTarget "abcTests" */;
			buildPhases = (
				8BF599C12F41E69C008D3E78 /* Sources */,
				8BF599C22F41E69C008D3E78 /* Frameworks */,
				8BF599C32F41E69C008D3E78 /* Resources */,
			);
			buildRules = (
			);
			dependencies = (
				8BF599C72F41E69C008D3E78 /* PBXTargetDependency */,
			);
			fileSystemSynchronizedGroups = (
				8BF599C82F41E69C008D3E78 /* abcTests */,
			);
			name = abcTests;
			packageProductDependencies = (
			);
			productName = abcTests;
			productReference = 8BF599C52F41E69C008D3E78 /* abcTests.xctest */;
			productType = "com.apple.product-type.bundle.unit-test";
		};
		8BF599CE2F41E69C008D3E78 /* abcUITests */ = {
			isa = PBXNativeTarget;
			buildConfigurationList = 8BF599E02F41E69C008D3E78 /* Build configuration list for PBXNativeTarget "abcUITests" */;
			buildPhases = (
				8BF599CB2F41E69C008D3E78 /* Sources */,
				8BF599CC2F41E69C008D3E78 /* Frameworks */,
				8BF599CD2F41E69C008D3E78 /* Resources */,
			);
			buildRules = (
			);
			dependencies = (
				8BF599D12F41E69C008D3E78 /* PBXTargetDependency */,
			);
			fileSystemSynchronizedGroups = (
				8BF599D22F41E69C008D3E78 /* abcUITests */,
			);
			name = abcUITests;
			packageProductDependencies = (
			);
			productName = abcUITests;
			productReference = 8BF599CF2F41E69C008D3E78 /* abcUITests.xctest */;
			productType = "com.apple.product-type.bundle.ui-testing";
		};
/* End PBXNativeTarget section */

/* Begin PBXProject section */
		8BF599A72F41E69A008D3E78 /* Project object */ = {
			isa = PBXProject;
			attributes = {
				BuildIndependentTargetsInParallel = 1;
				LastSwiftUpdateCheck = 1610;
				LastUpgradeCheck = 1610;
				TargetAttributes = {
					8BF599AE2F41E69A008D3E78 = {
						CreatedOnToolsVersion = 16.1;
					};
					8BF599C42F41E69C008D3E78 = {
						CreatedOnToolsVersion = 16.1;
						TestTargetID = 8BF599AE2F41E69A008D3E78;
					};
					8BF599CE2F41E69C008D3E78 = {
						CreatedOnToolsVersion = 16.1;
						TestTargetID = 8BF599AE2F41E69A008D3E78;
					};
				};
			};
			buildConfigurationList = 8BF599AA2F41E69A008D3E78 /* Build configuration list for PBXProject "abc" */;
			developmentRegion = en;
			hasScannedForEncodings = 0;
			knownRegions = (
				en,
				Base,
			);
			mainGroup = 8BF599A62F41E69A008D3E78;
			minimizedProjectReferenceProxies = 1;
			packageReferences = (
				8BF599E32F41EAE7008D3E78 /* XCRemoteSwiftPackageReference "RxSwift" */,
			);
			preferredProjectObjectVersion = 77;
			productRefGroup = 8BF599B02F41E69A008D3E78 /* Products */;
			projectDirPath = "";
			projectRoot = "";
			targets = (
				8BF599AE2F41E69A008D3E78 /* abc */,
				8BF599C42F41E69C008D3E78 /* abcTests */,
				8BF599CE2F41E69C008D3E78 /* abcUITests */,
			);
		};
/* End PBXProject section */

/* Begin PBXResourcesBuildPhase section */
		8BF599AD2F41E69A008D3E78 /* Resources */ = {
			isa = PBXResourcesBuildPhase;
			buildActionMask = 2147483647;
			files = (
			);
			runOnlyForDeploymentPostprocessing = 0;
		};
		8BF599C32F41E69C008D3E78 /* Resources */ = {
			isa = PBXResourcesBuildPhase;
			buildActionMask = 2147483647;
			files = (
			);
			runOnlyForDeploymentPostprocessing = 0;
		};
		8BF599CD2F41E69C008D3E78 /* Resources */ = {
			isa = PBXResourcesBuildPhase;
			buildActionMask = 2147483647;
			files = (
			);
			runOnlyForDeploymentPostprocessing = 0;
		};
/* End PBXResourcesBuildPhase section */

/* Begin PBXSourcesBuildPhase section */
		8BF599AB2F41E69A008D3E78 /* Sources */ = {
			isa = PBXSourcesBuildPhase;
			buildActionMask = 2147483647;
			files = (
			);
			runOnlyForDeploymentPostprocessing = 0;
		};
		8BF599C12F41E69C008D3E78 /* Sources */ = {
			isa = PBXSourcesBuildPhase;
			buildActionMask = 2147483647;
			files = (
			);
			runOnlyForDeploymentPostprocessing = 0;
		};
		8BF599CB2F41E69C008D3E78 /* Sources */ = {
			isa = PBXSourcesBuildPhase;
			buildActionMask = 2147483647;
			files = (
			);
			runOnlyForDeploymentPostprocessing = 0;
		};
/* End PBXSourcesBuildPhase section */

/* Begin PBXTargetDependency section */
		8BF599C72F41E69C008D3E78 /* PBXTargetDependency */ = {
			isa = PBXTargetDependency;
			target = 8BF599AE2F41E69A008D3E78 /* abc */;
			targetProxy = 8BF599C62F41E69C008D3E78 /* PBXContainerItemProxy */;
		};
		8BF599D12F41E69C008D3E78 /* PBXTargetDependency */ = {
			isa = PBXTargetDependency;
			target = 8BF599AE2F41E69A008D3E78 /* abc */;
			targetProxy = 8BF599D02F41E69C008D3E78 /* PBXContainerItemProxy */;
		};
/* End PBXTargetDependency section */

/* Begin XCBuildConfiguration section */
		8BF599D92F41E69C008D3E78 /* Debug */ = {
			isa = XCBuildConfiguration;
			buildSettings = {
				ASSETCATALOG_COMPILER_APPICON_NAME = AppIcon;
				ASSETCATALOG_COMPILER_GLOBAL_ACCENT_COLOR_NAME = AccentColor;
				CODE_SIGN_STYLE = Automatic;
				CURRENT_PROJECT_VERSION = 1;
				DEVELOPMENT_TEAM = E2NU8747F2;
				GENERATE_INFOPLIST_FILE = YES;
				INFOPLIST_KEY_UIApplicationSupportsIndirectInputEvents = YES;
				INFOPLIST_KEY_UILaunchStoryboardName = LaunchScreen;
				INFOPLIST_KEY_UIMainStoryboardFile = Main;
				INFOPLIST_KEY_UISupportedInterfaceOrientations_iPad = "UIInterfaceOrientationPortrait UIInterfaceOrientationPortraitUpsideDown UIInterfaceOrientationLandscapeLeft UIInterfaceOrientationLandscapeRight";
				INFOPLIST_KEY_UISupportedInterfaceOrientations_iPhone = "UIInterfaceOrientationPortrait UIInterfaceOrientationLandscapeLeft UIInterfaceOrientationLandscapeRight";
				LD_RUNPATH_SEARCH_PATHS = (
					"$(inherited)",
					"@executable_path/Frameworks",
				);
				MARKETING_VERSION = 1.0;
				PRODUCT_BUNDLE_IDENTIFIER = A.abc;
				PRODUCT_NAME = "$(TARGET_NAME)";
				SWIFT_EMIT_LOC_STRINGS = YES;
				SWIFT_VERSION = 5.0;
				TARGETED_DEVICE_FAMILY = "1,2";
			};
			name = Debug;
		};
		8BF599DA2F41E69C008D3E78 /* Release */ = {
			isa = XCBuildConfiguration;
			buildSettings = {
				ASSETCATALOG_COMPILER_APPICON_NAME = AppIcon;
				ASSETCATALOG_COMPILER_GLOBAL_ACCENT_COLOR_NAME = AccentColor;
				CODE_SIGN_STYLE = Automatic;
				CURRENT_PROJECT_VERSION = 1;
				DEVELOPMENT_TEAM = E2NU8747F2;
				GENERATE_INFOPLIST_FILE = YES;
				INFOPLIST_KEY_UIApplicationSupportsIndirectInputEvents = YES;
				INFOPLIST_KEY_UILaunchStoryboardName = LaunchScreen;
				INFOPLIST_KEY_UIMainStoryboardFile = Main;
				INFOPLIST_KEY_UISupportedInterfaceOrientations_iPad = "UIInterfaceOrientationPortrait UIInterfaceOrientationPortraitUpsideDown UIInterfaceOrientationLandscapeLeft UIInterfaceOrientationLandscapeRight";
				INFOPLIST_KEY_UISupportedInterfaceOrientations_iPhone = "UIInterfaceOrientationPortrait UIInterfaceOrientationLandscapeLeft UIInterfaceOrientationLandscapeRight";
				LD_RUNPATH_SEARCH_PATHS = (
					"$(inherited)",
					"@executable_path/Frameworks",
				);
				MARKETING_VERSION = 1.0;
				PRODUCT_BUNDLE_IDENTIFIER = A.abc;
				PRODUCT_NAME = "$(TARGET_NAME)";
				SWIFT_EMIT_LOC_STRINGS = YES;
				SWIFT_VERSION = 5.0;
				TARGETED_DEVICE_FAMILY = "1,2";
			};
			name = Release;
		};
		8BF599DB2F41E69C008D3E78 /* Debug */ = {
			isa = XCBuildConfiguration;
			buildSettings = {
				ALWAYS_SEARCH_USER_PATHS = NO;
				ASSETCATALOG_COMPILER_GENERATE_SWIFT_ASSET_SYMBOL_EXTENSIONS = YES;
				CLANG_ANALYZER_NONNULL = YES;
				CLANG_ANALYZER_NUMBER_OBJECT_CONVERSION = YES_AGGRESSIVE;
				CLANG_CXX_LANGUAGE_STANDARD = "gnu++20";
				CLANG_ENABLE_MODULES = YES;
				CLANG_ENABLE_OBJC_ARC = YES;
				CLANG_ENABLE_OBJC_WEAK = YES;
				CLANG_WARN_BLOCK_CAPTURE_AUTORELEASING = YES;
				CLANG_WARN_BOOL_CONVERSION = YES;
				CLANG_WARN_COMMA = YES;
				CLANG_WARN_CONSTANT_CONVERSION = YES;
				CLANG_WARN_DEPRECATED_OBJC_IMPLEMENTATIONS = YES;
				CLANG_WARN_DIRECT_OBJC_ISA_USAGE = YES_ERROR;
				CLANG_WARN_DOCUMENTATION_COMMENTS = YES;
				CLANG_WARN_EMPTY_BODY = YES;
				CLANG_WARN_ENUM_CONVERSION = YES;
				CLANG_WARN_INFINITE_RECURSION = YES;
				CLANG_WARN_INT_CONVERSION = YES;
				CLANG_WARN_NON_LITERAL_NULL_CONVERSION = YES;
				CLANG_WARN_OBJC_IMPLICIT_RETAIN_SELF = YES;
				CLANG_WARN_OBJC_LITERAL_CONVERSION = YES;
				CLANG_WARN_OBJC_ROOT_CLASS = YES_ERROR;
				CLANG_WARN_QUOTED_INCLUDE_IN_FRAMEWORK_HEADER = YES;
				CLANG_WARN_RANGE_LOOP_ANALYSIS = YES;
				CLANG_WARN_STRICT_PROTOTYPES = YES;
				CLANG_WARN_SUSPICIOUS_MOVE = YES;
				CLANG_WARN_UNGUARDED_AVAILABILITY = YES_AGGRESSIVE;
				CLANG_WARN_UNREACHABLE_CODE = YES;
				CLANG_WARN__DUPLICATE_METHOD_MATCH = YES;
				COPY_PHASE_STRIP = NO;
				DEBUG_INFORMATION_FORMAT = dwarf;
				ENABLE_STRICT_OBJC_MSGSEND = YES;
				ENABLE_TESTABILITY = YES;
				ENABLE_USER_SCRIPT_SANDBOXING = YES;
				GCC_C_LANGUAGE_STANDARD = gnu17;
				GCC_DYNAMIC_NO_PIC = NO;
				GCC_NO_COMMON_BLOCKS = YES;
				GCC_OPTIMIZATION_LEVEL = 0;
				GCC_PREPROCESSOR_DEFINITIONS = (
					"DEBUG=1",
					"$(inherited)",
				);
				GCC_WARN_64_TO_32_BIT_CONVERSION = YES;
				GCC_WARN_ABOUT_RETURN_TYPE = YES_ERROR;
				GCC_WARN_UNDECLARED_SELECTOR = YES;
				GCC_WARN_UNINITIALIZED_AUTOS = YES_AGGRESSIVE;
				GCC_WARN_UNUSED_FUNCTION = YES;
				GCC_WARN_UNUSED_VARIABLE = YES;
				IPHONEOS_DEPLOYMENT_TARGET = 18.1;
				LOCALIZATION_PREFERS_STRING_CATALOGS = YES;
				MTL_ENABLE_DEBUG_INFO = INCLUDE_SOURCE;
				MTL_FAST_MATH = YES;
				ONLY_ACTIVE_ARCH = YES;
				SDKROOT = iphoneos;
				SWIFT_ACTIVE_COMPILATION_CONDITIONS = "DEBUG $(inherited)";
				SWIFT_OPTIMIZATION_LEVEL = "-Onone";
			};
			name = Debug;
		};
		8BF599DC2F41E69C008D3E78 /* Release */ = {
			isa = XCBuildConfiguration;
			buildSettings = {
				ALWAYS_SEARCH_USER_PATHS = NO;
				ASSETCATALOG_COMPILER_GENERATE_SWIFT_ASSET_SYMBOL_EXTENSIONS = YES;
				CLANG_ANALYZER_NONNULL = YES;
				CLANG_ANALYZER_NUMBER_OBJECT_CONVERSION = YES_AGGRESSIVE;
				CLANG_CXX_LANGUAGE_STANDARD = "gnu++20";
				CLANG_ENABLE_MODULES = YES;
				CLANG_ENABLE_OBJC_ARC = YES;
				CLANG_ENABLE_OBJC_WEAK = YES;
				CLANG_WARN_BLOCK_CAPTURE_AUTORELEASING = YES;
				CLANG_WARN_BOOL_CONVERSION = YES;
				CLANG_WARN_COMMA = YES;
				CLANG_WARN_CONSTANT_CONVERSION = YES;
				CLANG_WARN_DEPRECATED_OBJC_IMPLEMENTATIONS = YES;
				CLANG_WARN_DIRECT_OBJC_ISA_USAGE = YES_ERROR;
				CLANG_WARN_DOCUMENTATION_COMMENTS = YES;
				CLANG_WARN_EMPTY_BODY = YES;
				CLANG_WARN_ENUM_CONVERSION = YES;
				CLANG_WARN_INFINITE_RECURSION = YES;
				CLANG_WARN_INT_CONVERSION = YES;
				CLANG_WARN_NON_LITERAL_NULL_CONVERSION = YES;
				CLANG_WARN_OBJC_IMPLICIT_RETAIN_SELF = YES;
				CLANG_WARN_OBJC_LITERAL_CONVERSION = YES;
				CLANG_WARN_OBJC_ROOT_CLASS = YES_ERROR;
				CLANG_WARN_QUOTED_INCLUDE_IN_FRAMEWORK_HEADER = YES;
				CLANG_WARN_RANGE_LOOP_ANALYSIS = YES;
				CLANG_WARN_STRICT_PROTOTYPES = YES;
				CLANG_WARN_SUSPICIOUS_MOVE = YES;
				CLANG_WARN_UNGUARDED_AVAILABILITY = YES_AGGRESSIVE;
				CLANG_WARN_UNREACHABLE_CODE = YES;
				CLANG_WARN__DUPLICATE_METHOD_MATCH = YES;
				COPY_PHASE_STRIP = NO;
				DEBUG_INFORMATION_FORMAT = "dwarf-with-dsym";
				ENABLE_NS_ASSERTIONS = NO;
				ENABLE_STRICT_OBJC_MSGSEND = YES;
				ENABLE_USER_SCRIPT_SANDBOXING = YES;
				GCC_C_LANGUAGE_STANDARD = gnu17;
				GCC_NO_COMMON_BLOCKS = YES;
				GCC_WARN_64_TO_32_BIT_CONVERSION = YES;
				GCC_WARN_ABOUT_RETURN_TYPE = YES_ERROR;
				GCC_WARN_UNDECLARED_SELECTOR = YES;
				GCC_WARN_UNINITIALIZED_AUTOS = YES_AGGRESSIVE;
				GCC_WARN_UNUSED_FUNCTION = YES;
				GCC_WARN_UNUSED_VARIABLE = YES;
				IPHONEOS_DEPLOYMENT_TARGET = 18.1;
				LOCALIZATION_PREFERS_STRING_CATALOGS = YES;
				MTL_ENABLE_DEBUG_INFO = NO;
				MTL_FAST_MATH = YES;
				SDKROOT = iphoneos;
				SWIFT_COMPILATION_MODE = wholemodule;
				VALIDATE_PRODUCT = YES;
			};
			name = Release;
		};
		8BF599DE2F41E69C008D3E78 /* Debug */ = {
			isa = XCBuildConfiguration;
			buildSettings = {
				BUNDLE_LOADER = "$(TEST_HOST)";
				CODE_SIGN_STYLE = Automatic;
				CURRENT_PROJECT_VERSION = 1;
				GENERATE_INFOPLIST_FILE = YES;
				IPHONEOS_DEPLOYMENT_TARGET = 18.1;
				MARKETING_VERSION = 1.0;
				PRODUCT_BUNDLE_IDENTIFIER = A.abcTests;
				PRODUCT_NAME = "$(TARGET_NAME)";
				SWIFT_EMIT_LOC_STRINGS = NO;
				SWIFT_VERSION = 5.0;
				TARGETED_DEVICE_FAMILY = "1,2";
				TEST_HOST = "$(BUILT_PRODUCTS_DIR)/abc.app/$(BUNDLE_EXECUTABLE_FOLDER_PATH)/abc";
			};
			name = Debug;
		};
		8BF599DF2F41E69C008D3E78 /* Release */ = {
			isa = XCBuildConfiguration;
			buildSettings = {
				BUNDLE_LOADER = "$(TEST_HOST)";
				CODE_SIGN_STYLE = Automatic;
				CURRENT_PROJECT_VERSION = 1;
				GENERATE_INFOPLIST_FILE = YES;
				IPHONEOS_DEPLOYMENT_TARGET = 18.1;
				MARKETING_VERSION = 1.0;
				PRODUCT_BUNDLE_IDENTIFIER = A.abcTests;
				PRODUCT_NAME = "$(TARGET_NAME)";
				SWIFT_EMIT_LOC_STRINGS = NO;
				SWIFT_VERSION = 5.0;
				TARGETED_DEVICE_FAMILY = "1,2";
				TEST_HOST = "$(BUILT_PRODUCTS_DIR)/abc.app/$(BUNDLE_EXECUTABLE_FOLDER_PATH)/abc";
			};
			name = Release;
		};
		8BF599E12F41E69C008D3E78 /* Debug */ = {
			isa = XCBuildConfiguration;
			buildSettings = {
				CODE_SIGN_STYLE = Automatic;
				CURRENT_PROJECT_VERSION = 1;
				GENERATE_INFOPLIST_FILE = YES;
				MARKETING_VERSION = 1.0;
				PRODUCT_BUNDLE_IDENTIFIER = A.abcUITests;
				PRODUCT_NAME = "$(TARGET_NAME)";
				SWIFT_EMIT_LOC_STRINGS = NO;
				SWIFT_VERSION = 5.0;
				TARGETED_DEVICE_FAMILY = "1,2";
				TEST_TARGET_NAME = abc;
			};
			name = Debug;
		};
		8BF599E22F41E69C008D3E78 /* Release */ = {
			isa = XCBuildConfiguration;
			buildSettings = {
				CODE_SIGN_STYLE = Automatic;
				CURRENT_PROJECT_VERSION = 1;
				GENERATE_INFOPLIST_FILE = YES;
				MARKETING_VERSION = 1.0;
				PRODUCT_BUNDLE_IDENTIFIER = A.abcUITests;
				PRODUCT_NAME = "$(TARGET_NAME)";
				SWIFT_EMIT_LOC_STRINGS = NO;
				SWIFT_VERSION = 5.0;
				TARGETED_DEVICE_FAMILY = "1,2";
				TEST_TARGET_NAME = abc;
			};
			name = Release;
		};
/* End XCBuildConfiguration section */

/* Begin XCConfigurationList section */
		8BF599AA2F41E69A008D3E78 /* Build configuration list for PBXProject "abc" */ = {
			isa = XCConfigurationList;
			buildConfigurations = (
				8BF599DB2F41E69C008D3E78 /* Debug */,
				8BF599DC2F41E69C008D3E78 /* Release */,
			);
			defaultConfigurationIsVisible = 0;
			defaultConfigurationName = Release;
		};
		8BF599D82F41E69C008D3E78 /* Build configuration list for PBXNativeTarget "abc" */ = {
			isa = XCConfigurationList;
			buildConfigurations = (
				8BF599D92F41E69C008D3E78 /* Debug */,
				8BF599DA2F41E69C008D3E78 /* Release */,
			);
			defaultConfigurationIsVisible = 0;
			defaultConfigurationName = Release;
		};
		8BF599DD2F41E69C008D3E78 /* Build configuration list for PBXNativeTarget "abcTests" */ = {
			isa = XCConfigurationList;
			buildConfigurations = (
				8BF599DE2F41E69C008D3E78 /* Debug */,
				8BF599DF2F41E69C008D3E78 /* Release */,
			);
			defaultConfigurationIsVisible = 0;
			defaultConfigurationName = Release;
		};
		8BF599E02F41E69C008D3E78 /* Build configuration list for PBXNativeTarget "abcUITests" */ = {
			isa = XCConfigurationList;
			buildConfigurations = (
				8BF599E12F41E69C008D3E78 /* Debug */,
				8BF599E22F41E69C008D3E78 /* Release */,
			);
			defaultConfigurationIsVisible = 0;
			defaultConfigurationName = Release;
		};
/* End XCConfigurationList section */

/* Begin XCRemoteSwiftPackageReference section */
		8BF599E32F41EAE7008D3E78 /* XCRemoteSwiftPackageReference "RxSwift" */ = {
			isa = XCRemoteSwiftPackageReference;
			repositoryURL = "https://github.com/ReactiveX/RxSwift.git";
			requirement = {
				kind = upToNextMajorVersion;
				minimumVersion = 6.10.1;
			};
		};
/* End XCRemoteSwiftPackageReference section */

/* Begin XCSwiftPackageProductDependency section */
		8BF599E72F41EC1E008D3E78 /* RxSwift */ = {
			isa = XCSwiftPackageProductDependency;
			package = 8BF599E32F41EAE7008D3E78 /* XCRemoteSwiftPackageReference "RxSwift" */;
			productName = RxSwift;
		};
		8BF599E92F41EC29008D3E78 /* RxCocoa */ = {
			isa = XCSwiftPackageProductDependency;
			package = 8BF599E32F41EAE7008D3E78 /* XCRemoteSwiftPackageReference "RxSwift" */;
			productName = RxCocoa;
		};
		8BF599EB2F41EC33008D3E78 /* RxRelay */ = {
			isa = XCSwiftPackageProductDependency;
			package = 8BF599E32F41EAE7008D3E78 /* XCRemoteSwiftPackageReference "RxSwift" */;
			productName = RxRelay;
		};
/* End XCSwiftPackageProductDependency section */
	};
	rootObject = 8BF599A72F41E69A008D3E78 /* Project object */;
}
