{
  "originHash" : "87bc79fcccc55ce355a01b2e68fcd580a18765a117cbee40f0c77cddde507f26",
  "pins" : [
    {
      "identity" : "rxswift",
      "kind" : "remoteSourceControl",
      "location" : "https://github.com/ReactiveX/RxSwift.git",
      "state" : {
        "revision" : "5734ad2b6d7d4c0656df3d09ca4ce54fa3c09913",
        "version" : "6.10.1"
      }
    }
  ],
  "version" : 3
}
